// !$*UTF8*$!
{
	archiveVersion = 1;
	classes = {
	};
	objectVersion = 46;
	objects = {

/* Begin PBXBuildFile section */
		E1A598031CAABF200047815E /* SafeExpectations.framework in Frameworks */ = {isa = PBXBuildFile; fileRef = E1A597F91CAABF200047815E /* SafeExpectations.framework */; };
		E1A598191CAAC1CC0047815E /* NSDictionary+SafeExpectations.h in Headers */ = {isa = PBXBuildFile; fileRef = E1A598111CAAC1CC0047815E /* NSDictionary+SafeExpectations.h */; settings = {ATTRIBUTES = (Public, ); }; };
		E1A5981A1CAAC1CC0047815E /* NSDictionary+SafeExpectations.m in Sources */ = {isa = PBXBuildFile; fileRef = E1A598121CAAC1CC0047815E /* NSDictionary+SafeExpectations.m */; };
		E1A5981B1CAAC1CC0047815E /* SafeExpectations.h in Headers */ = {isa = PBXBuildFile; fileRef = E1A598131CAAC1CC0047815E /* SafeExpectations.h */; settings = {ATTRIBUTES = (Public, ); }; };
		E1A5981C1CAAC1CC0047815E /* Info.plist in Resources */ = {isa = PBXBuildFile; fileRef = E1A598151CAAC1CC0047815E /* Info.plist */; };
		E1A5981F1CAAC1D40047815E /* Info.plist in Resources */ = {isa = PBXBuildFile; fileRef = E1A598171CAAC1CC0047815E /* Info.plist */; };
		E1A598201CAAC1D80047815E /* SafeExpectationsTests.m in Sources */ = {isa = PBXBuildFile; fileRef = E1A598181CAAC1CC0047815E /* SafeExpectationsTests.m */; };
		E1A598211CAAC1F30047815E /* NSDictionary+SafeExpectations.h in Headers */ = {isa = PBXBuildFile; fileRef = E1A598111CAAC1CC0047815E /* NSDictionary+SafeExpectations.h */; settings = {ATTRIBUTES = (Public, ); }; };
		E1A598221CAAC1F30047815E /* NSDictionary+SafeExpectations.m in Sources */ = {isa = PBXBuildFile; fileRef = E1A598121CAAC1CC0047815E /* NSDictionary+SafeExpectations.m */; };
		E1A598231CAAC1F30047815E /* SafeExpectations.h in Headers */ = {isa = PBXBuildFile; fileRef = E1A598131CAAC1CC0047815E /* SafeExpectations.h */; settings = {ATTRIBUTES = (Public, ); }; };
/* End PBXBuildFile section */

/* Begin PBXContainerItemProxy section */
		E1A598041CAABF200047815E /* PBXContainerItemProxy */ = {
			isa = PBXContainerItemProxy;
			containerPortal = E1A597D11CAABEBF0047815E /* Project object */;
			proxyType = 1;
			remoteGlobalIDString = E1A597F81CAABF200047815E;
			remoteInfo = SafeExpectations;
		};
/* End PBXContainerItemProxy section */

/* Begin PBXFileReference section */
		E1A597DC1CAABEFB0047815E /* SafeExpectations.framework */ = {isa = PBXFileReference; explicitFileType = wrapper.framework; includeInIndex = 0; path = SafeExpectations.framework; sourceTree = BUILT_PRODUCTS_DIR; };
		E1A597F91CAABF200047815E /* SafeExpectations.framework */ = {isa = PBXFileReference; explicitFileType = wrapper.framework; includeInIndex = 0; path = SafeExpectations.framework; sourceTree = BUILT_PRODUCTS_DIR; };
		E1A598021CAABF200047815E /* SafeExpectationsTests.xctest */ = {isa = PBXFileReference; explicitFileType = wrapper.cfbundle; includeInIndex = 0; path = SafeExpectationsTests.xctest; sourceTree = BUILT_PRODUCTS_DIR; };
		E1A598111CAAC1CC0047815E /* NSDictionary+SafeExpectations.h */ = {isa = PBXFileReference; fileEncoding = 4; lastKnownFileType = sourcecode.c.h; path = "NSDictionary+SafeExpectations.h"; sourceTree = "<group>"; };
		E1A598121CAAC1CC0047815E /* NSDictionary+SafeExpectations.m */ = {isa = PBXFileReference; fileEncoding = 4; lastKnownFileType = sourcecode.c.objc; path = "NSDictionary+SafeExpectations.m"; sourceTree = "<group>"; };
		E1A598131CAAC1CC0047815E /* SafeExpectations.h */ = {isa = PBXFileReference; fileEncoding = 4; lastKnownFileType = sourcecode.c.h; path = SafeExpectations.h; sourceTree = "<group>"; };
		E1A598151CAAC1CC0047815E /* Info.plist */ = {isa = PBXFileReference; fileEncoding = 4; lastKnownFileType = text.plist.xml; path = Info.plist; sourceTree = "<group>"; };
		E1A598171CAAC1CC0047815E /* Info.plist */ = {isa = PBXFileReference; fileEncoding = 4; lastKnownFileType = text.plist.xml; path = Info.plist; sourceTree = "<group>"; };
		E1A598181CAAC1CC0047815E /* SafeExpectationsTests.m */ = {isa = PBXFileReference; fileEncoding = 4; lastKnownFileType = sourcecode.c.objc; path = SafeExpectationsTests.m; sourceTree = "<group>"; };
		FFA3989D20B48AA600B142F4 /* NSObject-SafeExpectations.podspec */ = {isa = PBXFileReference; fileEncoding = 4; lastKnownFileType = text; path = "NSObject-SafeExpectations.podspec"; sourceTree = "<group>"; };
		FFA3989E20B48AA600B142F4 /* README.md */ = {isa = PBXFileReference; fileEncoding = 4; lastKnownFileType = net.daringfireball.markdown; path = README.md; sourceTree = "<group>"; };
/* End PBXFileReference section */

/* Begin PBXFrameworksBuildPhase section */
		E1A597D81CAABEFB0047815E /* Frameworks */ = {
			isa = PBXFrameworksBuildPhase;
			buildActionMask = 2147483647;
			files = (
			);
			runOnlyForDeploymentPostprocessing = 0;
		};
		E1A597F51CAABF200047815E /* Frameworks */ = {
			isa = PBXFrameworksBuildPhase;
			buildActionMask = 2147483647;
			files = (
			);
			runOnlyForDeploymentPostprocessing = 0;
		};
		E1A597FF1CAABF200047815E /* Frameworks */ = {
			isa = PBXFrameworksBuildPhase;
			buildActionMask = 2147483647;
			files = (
				E1A598031CAABF200047815E /* SafeExpectations.framework in Frameworks */,
			);
			runOnlyForDeploymentPostprocessing = 0;
		};
/* End PBXFrameworksBuildPhase section */

/* Begin PBXGroup section */
		E1A597D01CAABEBF0047815E = {
			isa = PBXGroup;
			children = (
				FFA3989D20B48AA600B142F4 /* NSObject-SafeExpectations.podspec */,
				FFA3989E20B48AA600B142F4 /* README.md */,
				E1A598101CAAC1CC0047815E /* Sources */,
				E1A598141CAAC1CC0047815E /* Support */,
				E1A598161CAAC1CC0047815E /* Tests */,
				E1A597DD1CAABEFB0047815E /* Products */,
			);
			sourceTree = "<group>";
		};
		E1A597DD1CAABEFB0047815E /* Products */ = {
			isa = PBXGroup;
			children = (
				E1A597DC1CAABEFB0047815E /* SafeExpectations.framework */,
				E1A597F91CAABF200047815E /* SafeExpectations.framework */,
				E1A598021CAABF200047815E /* SafeExpectationsTests.xctest */,
			);
			name = Products;
			sourceTree = "<group>";
		};
		E1A598101CAAC1CC0047815E /* Sources */ = {
			isa = PBXGroup;
			children = (
				E1A598111CAAC1CC0047815E /* NSDictionary+SafeExpectations.h */,
				E1A598121CAAC1CC0047815E /* NSDictionary+SafeExpectations.m */,
				E1A598131CAAC1CC0047815E /* SafeExpectations.h */,
			);
			path = Sources;
			sourceTree = "<group>";
		};
		E1A598141CAAC1CC0047815E /* Support */ = {
			isa = PBXGroup;
			children = (
				E1A598151CAAC1CC0047815E /* Info.plist */,
			);
			path = Support;
			sourceTree = "<group>";
		};
		E1A598161CAAC1CC0047815E /* Tests */ = {
			isa = PBXGroup;
			children = (
				E1A598171CAAC1CC0047815E /* Info.plist */,
				E1A598181CAAC1CC0047815E /* SafeExpectationsTests.m */,
			);
			path = Tests;
			sourceTree = "<group>";
		};
/* End PBXGroup section */

/* Begin PBXHeadersBuildPhase section */
		E1A597D91CAABEFB0047815E /* Headers */ = {
			isa = PBXHeadersBuildPhase;
			buildActionMask = 2147483647;
			files = (
				E1A5981B1CAAC1CC0047815E /* SafeExpectations.h in Headers */,
				E1A598191CAAC1CC0047815E /* NSDictionary+SafeExpectations.h in Headers */,
			);
			runOnlyForDeploymentPostprocessing = 0;
		};
		E1A597F61CAABF200047815E /* Headers */ = {
			isa = PBXHeadersBuildPhase;
			buildActionMask = 2147483647;
			files = (
				E1A598231CAAC1F30047815E /* SafeExpectations.h in Headers */,
				E1A598211CAAC1F30047815E /* NSDictionary+SafeExpectations.h in Headers */,
			);
			runOnlyForDeploymentPostprocessing = 0;
		};
/* End PBXHeadersBuildPhase section */

/* Begin PBXNativeTarget section */
		E1A597DB1CAABEFB0047815E /* SafeExpectations-iOS */ = {
			isa = PBXNativeTarget;
			buildConfigurationList = E1A597F21CAABEFB0047815E /* Build configuration list for PBXNativeTarget "SafeExpectations-iOS" */;
			buildPhases = (
				E1A597D71CAABEFB0047815E /* Sources */,
				E1A597D81CAABEFB0047815E /* Frameworks */,
				E1A597D91CAABEFB0047815E /* Headers */,
				E1A597DA1CAABEFB0047815E /* Resources */,
			);
			buildRules = (
			);
			dependencies = (
			);
			name = "SafeExpectations-iOS";
			productName = SafeExpectations;
			productReference = E1A597DC1CAABEFB0047815E /* SafeExpectations.framework */;
			productType = "com.apple.product-type.framework";
		};
		E1A597F81CAABF200047815E /* SafeExpectations-Mac */ = {
			isa = PBXNativeTarget;
			buildConfigurationList = E1A5980A1CAABF200047815E /* Build configuration list for PBXNativeTarget "SafeExpectations-Mac" */;
			buildPhases = (
				E1A597F41CAABF200047815E /* Sources */,
				E1A597F51CAABF200047815E /* Frameworks */,
				E1A597F61CAABF200047815E /* Headers */,
				E1A597F71CAABF200047815E /* Resources */,
			);
			buildRules = (
			);
			dependencies = (
			);
			name = "SafeExpectations-Mac";
			productName = SafeExpectations;
			productReference = E1A597F91CAABF200047815E /* SafeExpectations.framework */;
			productType = "com.apple.product-type.framework";
		};
		E1A598011CAABF200047815E /* SafeExpectationsTests */ = {
			isa = PBXNativeTarget;
			buildConfigurationList = E1A5980D1CAABF200047815E /* Build configuration list for PBXNativeTarget "SafeExpectationsTests" */;
			buildPhases = (
				E1A597FE1CAABF200047815E /* Sources */,
				E1A597FF1CAABF200047815E /* Frameworks */,
				E1A598001CAABF200047815E /* Resources */,
			);
			buildRules = (
			);
			dependencies = (
				E1A598051CAABF200047815E /* PBXTargetDependency */,
			);
			name = SafeExpectationsTests;
			productName = SafeExpectationsTests;
			productReference = E1A598021CAABF200047815E /* SafeExpectationsTests.xctest */;
			productType = "com.apple.product-type.bundle.unit-test";
		};
/* End PBXNativeTarget section */

/* Begin PBXProject section */
		E1A597D11CAABEBF0047815E /* Project object */ = {
			isa = PBXProject;
			attributes = {
				LastUpgradeCheck = 0730;
				TargetAttributes = {
					E1A597DB1CAABEFB0047815E = {
						CreatedOnToolsVersion = 7.3;
					};
					E1A597F81CAABF200047815E = {
						CreatedOnToolsVersion = 7.3;
					};
					E1A598011CAABF200047815E = {
						CreatedOnToolsVersion = 7.3;
					};
				};
			};
			buildConfigurationList = E1A597D41CAABEBF0047815E /* Build configuration list for PBXProject "NSObject-SafeExpectations" */;
			compatibilityVersion = "Xcode 3.2";
			developmentRegion = English;
			hasScannedForEncodings = 0;
			knownRegions = (
				en,
			);
			mainGroup = E1A597D01CAABEBF0047815E;
			productRefGroup = E1A597DD1CAABEFB0047815E /* Products */;
			projectDirPath = "";
			projectRoot = "";
			targets = (
				E1A597DB1CAABEFB0047815E /* SafeExpectations-iOS */,
				E1A597F81CAABF200047815E /* SafeExpectations-Mac */,
				E1A598011CAABF200047815E /* SafeExpectationsTests */,
			);
		};
/* End PBXProject section */

/* Begin PBXResourcesBuildPhase section */
		E1A597DA1CAABEFB0047815E /* Resources */ = {
			isa = PBXResourcesBuildPhase;
			buildActionMask = 2147483647;
			files = (
				E1A5981C1CAAC1CC0047815E /* Info.plist in Resources */,
			);
			runOnlyForDeploymentPostprocessing = 0;
		};
		E1A597F71CAABF200047815E /* Resources */ = {
			isa = PBXResourcesBuildPhase;
			buildActionMask = 2147483647;
			files = (
			);
			runOnlyForDeploymentPostprocessing = 0;
		};
		E1A598001CAABF200047815E /* Resources */ = {
			isa = PBXResourcesBuildPhase;
			buildActionMask = 2147483647;
			files = (
				E1A5981F1CAAC1D40047815E /* Info.plist in Resources */,
			);
			runOnlyForDeploymentPostprocessing = 0;
		};
/* End PBXResourcesBuildPhase section */

/* Begin PBXSourcesBuildPhase section */
		E1A597D71CAABEFB0047815E /* Sources */ = {
			isa = PBXSourcesBuildPhase;
			buildActionMask = 2147483647;
			files = (
				E1A5981A1CAAC1CC0047815E /* NSDictionary+SafeExpectations.m in Sources */,
			);
			runOnlyForDeploymentPostprocessing = 0;
		};
		E1A597F41CAABF200047815E /* Sources */ = {
			isa = PBXSourcesBuildPhase;
			buildActionMask = 2147483647;
			files = (
				E1A598221CAAC1F30047815E /* NSDictionary+SafeExpectations.m in Sources */,
			);
			runOnlyForDeploymentPostprocessing = 0;
		};
		E1A597FE1CAABF200047815E /* Sources */ = {
			isa = PBXSourcesBuildPhase;
			buildActionMask = 2147483647;
			files = (
				E1A598201CAAC1D80047815E /* SafeExpectationsTests.m in Sources */,
			);
			runOnlyForDeploymentPostprocessing = 0;
		};
/* End PBXSourcesBuildPhase section */

/* Begin PBXTargetDependency section */
		E1A598051CAABF200047815E /* PBXTargetDependency */ = {
			isa = PBXTargetDependency;
			target = E1A597F81CAABF200047815E /* SafeExpectations-Mac */;
			targetProxy = E1A598041CAABF200047815E /* PBXContainerItemProxy */;
		};
/* End PBXTargetDependency section */

/* Begin XCBuildConfiguration section */
		E1A597D51CAABEBF0047815E /* Debug */ = {
			isa = XCBuildConfiguration;
			buildSettings = {
			};
			name = Debug;
		};
		E1A597D61CAABEBF0047815E /* Release */ = {
			isa = XCBuildConfiguration;
			buildSettings = {
			};
			name = Release;
		};
		E1A597EE1CAABEFB0047815E /* Debug */ = {
			isa = XCBuildConfiguration;
			buildSettings = {
				ALWAYS_SEARCH_USER_PATHS = NO;
				CLANG_ANALYZER_NONNULL = YES;
				CLANG_CXX_LANGUAGE_STANDARD = "gnu++0x";
				CLANG_CXX_LIBRARY = "libc++";
				CLANG_ENABLE_MODULES = YES;
				CLANG_ENABLE_OBJC_ARC = YES;
				CLANG_WARN_BOOL_CONVERSION = YES;
				CLANG_WARN_CONSTANT_CONVERSION = YES;
				CLANG_WARN_DIRECT_OBJC_ISA_USAGE = YES_ERROR;
				CLANG_WARN_EMPTY_BODY = YES;
				CLANG_WARN_ENUM_CONVERSION = YES;
				CLANG_WARN_INT_CONVERSION = YES;
				CLANG_WARN_OBJC_ROOT_CLASS = YES_ERROR;
				CLANG_WARN_UNREACHABLE_CODE = YES;
				CLANG_WARN__DUPLICATE_METHOD_MATCH = YES;
				"CODE_SIGN_IDENTITY[sdk=iphoneos*]" = "iPhone Developer";
				COPY_PHASE_STRIP = NO;
				CURRENT_PROJECT_VERSION = 1;
				DEBUG_INFORMATION_FORMAT = dwarf;
				DEFINES_MODULE = YES;
				DYLIB_COMPATIBILITY_VERSION = 1;
				DYLIB_CURRENT_VERSION = 1;
				DYLIB_INSTALL_NAME_BASE = "@rpath";
				ENABLE_STRICT_OBJC_MSGSEND = YES;
				ENABLE_TESTABILITY = NO;
				GCC_C_LANGUAGE_STANDARD = gnu99;
				GCC_DYNAMIC_NO_PIC = NO;
				GCC_NO_COMMON_BLOCKS = YES;
				GCC_OPTIMIZATION_LEVEL = 0;
				GCC_PREPROCESSOR_DEFINITIONS = (
					"DEBUG=1",
					"$(inherited)",
				);
				GCC_WARN_64_TO_32_BIT_CONVERSION = YES;
				GCC_WARN_ABOUT_RETURN_TYPE = YES_ERROR;
				GCC_WARN_UNDECLARED_SELECTOR = YES;
				GCC_WARN_UNINITIALIZED_AUTOS = YES_AGGRESSIVE;
				GCC_WARN_UNUSED_FUNCTION = YES;
				GCC_WARN_UNUSED_VARIABLE = YES;
				INFOPLIST_FILE = "$(SRCROOT)/Support/Info.plist";
				INSTALL_PATH = "$(LOCAL_LIBRARY_DIR)/Frameworks";
				IPHONEOS_DEPLOYMENT_TARGET = 8.0;
				LD_RUNPATH_SEARCH_PATHS = "$(inherited) @executable_path/Frameworks @loader_path/Frameworks";
				MTL_ENABLE_DEBUG_INFO = YES;
				ONLY_ACTIVE_ARCH = YES;
				PRODUCT_BUNDLE_IDENTIFIER = org.wordpress.SafeExpectations;
				PRODUCT_NAME = SafeExpectations;
				SDKROOT = iphoneos;
				SKIP_INSTALL = YES;
				TARGETED_DEVICE_FAMILY = "1,2";
				VERSIONING_SYSTEM = "apple-generic";
				VERSION_INFO_PREFIX = "";
			};
			name = Debug;
		};
		E1A597EF1CAABEFB0047815E /* Release */ = {
			isa = XCBuildConfiguration;
			buildSettings = {
				ALWAYS_SEARCH_USER_PATHS = NO;
				CLANG_ANALYZER_NONNULL = YES;
				CLANG_CXX_LANGUAGE_STANDARD = "gnu++0x";
				CLANG_CXX_LIBRARY = "libc++";
				CLANG_ENABLE_MODULES = YES;
				CLANG_ENABLE_OBJC_ARC = YES;
				CLANG_WARN_BOOL_CONVERSION = YES;
				CLANG_WARN_CONSTANT_CONVERSION = YES;
				CLANG_WARN_DIRECT_OBJC_ISA_USAGE = YES_ERROR;
				CLANG_WARN_EMPTY_BODY = YES;
				CLANG_WARN_ENUM_CONVERSION = YES;
				CLANG_WARN_INT_CONVERSION = YES;
				CLANG_WARN_OBJC_ROOT_CLASS = YES_ERROR;
				CLANG_WARN_UNREACHABLE_CODE = YES;
				CLANG_WARN__DUPLICATE_METHOD_MATCH = YES;
				"CODE_SIGN_IDENTITY[sdk=iphoneos*]" = "iPhone Developer";
				COPY_PHASE_STRIP = NO;
				CURRENT_PROJECT_VERSION = 1;
				DEBUG_INFORMATION_FORMAT = "dwarf-with-dsym";
				DEFINES_MODULE = YES;
				DYLIB_COMPATIBILITY_VERSION = 1;
				DYLIB_CURRENT_VERSION = 1;
				DYLIB_INSTALL_NAME_BASE = "@rpath";
				ENABLE_NS_ASSERTIONS = NO;
				ENABLE_STRICT_OBJC_MSGSEND = YES;
				GCC_C_LANGUAGE_STANDARD = gnu99;
				GCC_NO_COMMON_BLOCKS = YES;
				GCC_WARN_64_TO_32_BIT_CONVERSION = YES;
				GCC_WARN_ABOUT_RETURN_TYPE = YES_ERROR;
				GCC_WARN_UNDECLARED_SELECTOR = YES;
				GCC_WARN_UNINITIALIZED_AUTOS = YES_AGGRESSIVE;
				GCC_WARN_UNUSED_FUNCTION = YES;
				GCC_WARN_UNUSED_VARIABLE = YES;
				INFOPLIST_FILE = "$(SRCROOT)/Support/Info.plist";
				INSTALL_PATH = "$(LOCAL_LIBRARY_DIR)/Frameworks";
				IPHONEOS_DEPLOYMENT_TARGET = 8.0;
				LD_RUNPATH_SEARCH_PATHS = "$(inherited) @executable_path/Frameworks @loader_path/Frameworks";
				MTL_ENABLE_DEBUG_INFO = NO;
				PRODUCT_BUNDLE_IDENTIFIER = org.wordpress.SafeExpectations;
				PRODUCT_NAME = SafeExpectations;
				SDKROOT = iphoneos;
				SKIP_INSTALL = YES;
				TARGETED_DEVICE_FAMILY = "1,2";
				VALIDATE_PRODUCT = YES;
				VERSIONING_SYSTEM = "apple-generic";
				VERSION_INFO_PREFIX = "";
			};
			name = Release;
		};
		E1A5980B1CAABF200047815E /* Debug */ = {
			isa = XCBuildConfiguration;
			buildSettings = {
				ALWAYS_SEARCH_USER_PATHS = NO;
				CLANG_ANALYZER_NONNULL = YES;
				CLANG_CXX_LANGUAGE_STANDARD = "gnu++0x";
				CLANG_CXX_LIBRARY = "libc++";
				CLANG_ENABLE_MODULES = YES;
				CLANG_ENABLE_OBJC_ARC = YES;
				CLANG_WARN_BOOL_CONVERSION = YES;
				CLANG_WARN_CONSTANT_CONVERSION = YES;
				CLANG_WARN_DIRECT_OBJC_ISA_USAGE = YES_ERROR;
				CLANG_WARN_EMPTY_BODY = YES;
				CLANG_WARN_ENUM_CONVERSION = YES;
				CLANG_WARN_INT_CONVERSION = YES;
				CLANG_WARN_OBJC_ROOT_CLASS = YES_ERROR;
				CLANG_WARN_UNREACHABLE_CODE = YES;
				CLANG_WARN__DUPLICATE_METHOD_MATCH = YES;
				CODE_SIGN_IDENTITY = "-";
				COMBINE_HIDPI_IMAGES = YES;
				COPY_PHASE_STRIP = NO;
				CURRENT_PROJECT_VERSION = 1;
				DEBUG_INFORMATION_FORMAT = dwarf;
				DEFINES_MODULE = YES;
				DYLIB_COMPATIBILITY_VERSION = 1;
				DYLIB_CURRENT_VERSION = 1;
				DYLIB_INSTALL_NAME_BASE = "@rpath";
				ENABLE_STRICT_OBJC_MSGSEND = YES;
				ENABLE_TESTABILITY = YES;
				FRAMEWORK_VERSION = A;
				GCC_C_LANGUAGE_STANDARD = gnu99;
				GCC_DYNAMIC_NO_PIC = NO;
				GCC_NO_COMMON_BLOCKS = YES;
				GCC_OPTIMIZATION_LEVEL = 0;
				GCC_PREPROCESSOR_DEFINITIONS = (
					"DEBUG=1",
					"$(inherited)",
				);
				GCC_WARN_64_TO_32_BIT_CONVERSION = YES;
				GCC_WARN_ABOUT_RETURN_TYPE = YES_ERROR;
				GCC_WARN_UNDECLARED_SELECTOR = YES;
				GCC_WARN_UNINITIALIZED_AUTOS = YES_AGGRESSIVE;
				GCC_WARN_UNUSED_FUNCTION = YES;
				GCC_WARN_UNUSED_VARIABLE = YES;
				INFOPLIST_FILE = "$(SRCROOT)/Support/Info.plist";
				INSTALL_PATH = "$(LOCAL_LIBRARY_DIR)/Frameworks";
				LD_RUNPATH_SEARCH_PATHS = "$(inherited) @executable_path/../Frameworks @loader_path/Frameworks";
				MACOSX_DEPLOYMENT_TARGET = 10.7;
				MTL_ENABLE_DEBUG_INFO = YES;
				ONLY_ACTIVE_ARCH = YES;
				PRODUCT_BUNDLE_IDENTIFIER = org.wordpress.SafeExpectations;
				PRODUCT_NAME = SafeExpectations;
				SDKROOT = macosx;
				SKIP_INSTALL = YES;
				VERSIONING_SYSTEM = "apple-generic";
				VERSION_INFO_PREFIX = "";
			};
			name = Debug;
		};
		E1A5980C1CAABF200047815E /* Release */ = {
			isa = XCBuildConfiguration;
			buildSettings = {
				ALWAYS_SEARCH_USER_PATHS = NO;
				CLANG_ANALYZER_NONNULL = YES;
				CLANG_CXX_LANGUAGE_STANDARD = "gnu++0x";
				CLANG_CXX_LIBRARY = "libc++";
				CLANG_ENABLE_MODULES = YES;
				CLANG_ENABLE_OBJC_ARC = YES;
				CLANG_WARN_BOOL_CONVERSION = YES;
				CLANG_WARN_CONSTANT_CONVERSION = YES;
				CLANG_WARN_DIRECT_OBJC_ISA_USAGE = YES_ERROR;
				CLANG_WARN_EMPTY_BODY = YES;
				CLANG_WARN_ENUM_CONVERSION = YES;
				CLANG_WARN_INT_CONVERSION = YES;
				CLANG_WARN_OBJC_ROOT_CLASS = YES_ERROR;
				CLANG_WARN_UNREACHABLE_CODE = YES;
				CLANG_WARN__DUPLICATE_METHOD_MATCH = YES;
				CODE_SIGN_IDENTITY = "-";
				COMBINE_HIDPI_IMAGES = YES;
				COPY_PHASE_STRIP = NO;
				CURRENT_PROJECT_VERSION = 1;
				DEBUG_INFORMATION_FORMAT = "dwarf-with-dsym";
				DEFINES_MODULE = YES;
				DYLIB_COMPATIBILITY_VERSION = 1;
				DYLIB_CURRENT_VERSION = 1;
				DYLIB_INSTALL_NAME_BASE = "@rpath";
				ENABLE_NS_ASSERTIONS = NO;
				ENABLE_STRICT_OBJC_MSGSEND = YES;
				FRAMEWORK_VERSION = A;
				GCC_C_LANGUAGE_STANDARD = gnu99;
				GCC_NO_COMMON_BLOCKS = YES;
				GCC_WARN_64_TO_32_BIT_CONVERSION = YES;
				GCC_WARN_ABOUT_RETURN_TYPE = YES_ERROR;
				GCC_WARN_UNDECLARED_SELECTOR = YES;
				GCC_WARN_UNINITIALIZED_AUTOS = YES_AGGRESSIVE;
				GCC_WARN_UNUSED_FUNCTION = YES;
				GCC_WARN_UNUSED_VARIABLE = YES;
				INFOPLIST_FILE = "$(SRCROOT)/Support/Info.plist";
				INSTALL_PATH = "$(LOCAL_LIBRARY_DIR)/Frameworks";
				LD_RUNPATH_SEARCH_PATHS = "$(inherited) @executable_path/../Frameworks @loader_path/Frameworks";
				MACOSX_DEPLOYMENT_TARGET = 10.7;
				MTL_ENABLE_DEBUG_INFO = NO;
				PRODUCT_BUNDLE_IDENTIFIER = org.wordpress.SafeExpectations;
				PRODUCT_NAME = SafeExpectations;
				SDKROOT = macosx;
				SKIP_INSTALL = YES;
				VERSIONING_SYSTEM = "apple-generic";
				VERSION_INFO_PREFIX = "";
			};
			name = Release;
		};
		E1A5980E1CAABF200047815E /* Debug */ = {
			isa = XCBuildConfiguration;
			buildSettings = {
				ALWAYS_SEARCH_USER_PATHS = NO;
				CLANG_ANALYZER_NONNULL = YES;
				CLANG_CXX_LANGUAGE_STANDARD = "gnu++0x";
				CLANG_CXX_LIBRARY = "libc++";
				CLANG_ENABLE_MODULES = YES;
				CLANG_ENABLE_OBJC_ARC = YES;
				CLANG_WARN_BOOL_CONVERSION = YES;
				CLANG_WARN_CONSTANT_CONVERSION = YES;
				CLANG_WARN_DIRECT_OBJC_ISA_USAGE = YES_ERROR;
				CLANG_WARN_EMPTY_BODY = YES;
				CLANG_WARN_ENUM_CONVERSION = YES;
				CLANG_WARN_INT_CONVERSION = YES;
				CLANG_WARN_OBJC_ROOT_CLASS = YES_ERROR;
				CLANG_WARN_UNREACHABLE_CODE = YES;
				CLANG_WARN__DUPLICATE_METHOD_MATCH = YES;
				CODE_SIGN_IDENTITY = "-";
				COMBINE_HIDPI_IMAGES = YES;
				COPY_PHASE_STRIP = NO;
				DEBUG_INFORMATION_FORMAT = dwarf;
				ENABLE_STRICT_OBJC_MSGSEND = YES;
				ENABLE_TESTABILITY = YES;
				GCC_C_LANGUAGE_STANDARD = gnu99;
				GCC_DYNAMIC_NO_PIC = NO;
				GCC_NO_COMMON_BLOCKS = YES;
				GCC_OPTIMIZATION_LEVEL = 0;
				GCC_PREPROCESSOR_DEFINITIONS = (
					"DEBUG=1",
					"$(inherited)",
				);
				GCC_WARN_64_TO_32_BIT_CONVERSION = YES;
				GCC_WARN_ABOUT_RETURN_TYPE = YES_ERROR;
				GCC_WARN_UNDECLARED_SELECTOR = YES;
				GCC_WARN_UNINITIALIZED_AUTOS = YES_AGGRESSIVE;
				GCC_WARN_UNUSED_FUNCTION = YES;
				GCC_WARN_UNUSED_VARIABLE = YES;
				INFOPLIST_FILE = Tests/Info.plist;
				LD_RUNPATH_SEARCH_PATHS = "$(inherited) @executable_path/../Frameworks @loader_path/../Frameworks";
				MACOSX_DEPLOYMENT_TARGET = 10.11;
				MTL_ENABLE_DEBUG_INFO = YES;
				ONLY_ACTIVE_ARCH = YES;
				PRODUCT_BUNDLE_IDENTIFIER = org.wordpress.SafeExpectationsTests;
				PRODUCT_NAME = "$(TARGET_NAME)";
				SDKROOT = macosx;
			};
			name = Debug;
		};
		E1A5980F1CAABF200047815E /* Release */ = {
			isa = XCBuildConfiguration;
			buildSettings = {
				ALWAYS_SEARCH_USER_PATHS = NO;
				CLANG_ANALYZER_NONNULL = YES;
				CLANG_CXX_LANGUAGE_STANDARD = "gnu++0x";
				CLANG_CXX_LIBRARY = "libc++";
				CLANG_ENABLE_MODULES = YES;
				CLANG_ENABLE_OBJC_ARC = YES;
				CLANG_WARN_BOOL_CONVERSION = YES;
				CLANG_WARN_CONSTANT_CONVERSION = YES;
				CLANG_WARN_DIRECT_OBJC_ISA_USAGE = YES_ERROR;
				CLANG_WARN_EMPTY_BODY = YES;
				CLANG_WARN_ENUM_CONVERSION = YES;
				CLANG_WARN_INT_CONVERSION = YES;
				CLANG_WARN_OBJC_ROOT_CLASS = YES_ERROR;
				CLANG_WARN_UNREACHABLE_CODE = YES;
				CLANG_WARN__DUPLICATE_METHOD_MATCH = YES;
				CODE_SIGN_IDENTITY = "-";
				COMBINE_HIDPI_IMAGES = YES;
				COPY_PHASE_STRIP = NO;
				DEBUG_INFORMATION_FORMAT = "dwarf-with-dsym";
				ENABLE_NS_ASSERTIONS = NO;
				ENABLE_STRICT_OBJC_MSGSEND = YES;
				GCC_C_LANGUAGE_STANDARD = gnu99;
				GCC_NO_COMMON_BLOCKS = YES;
				GCC_WARN_64_TO_32_BIT_CONVERSION = YES;
				GCC_WARN_ABOUT_RETURN_TYPE = YES_ERROR;
				GCC_WARN_UNDECLARED_SELECTOR = YES;
				GCC_WARN_UNINITIALIZED_AUTOS = YES_AGGRESSIVE;
				GCC_WARN_UNUSED_FUNCTION = YES;
				GCC_WARN_UNUSED_VARIABLE = YES;
				INFOPLIST_FILE = Tests/Info.plist;
				LD_RUNPATH_SEARCH_PATHS = "$(inherited) @executable_path/../Frameworks @loader_path/../Frameworks";
				MACOSX_DEPLOYMENT_TARGET = 10.11;
				MTL_ENABLE_DEBUG_INFO = NO;
				PRODUCT_BUNDLE_IDENTIFIER = org.wordpress.SafeExpectationsTests;
				PRODUCT_NAME = "$(TARGET_NAME)";
				SDKROOT = macosx;
			};
			name = Release;
		};
/* End XCBuildConfiguration section */

/* Begin XCConfigurationList section */
		E1A597D41CAABEBF0047815E /* Build configuration list for PBXProject "NSObject-SafeExpectations" */ = {
			isa = XCConfigurationList;
			buildConfigurations = (
				E1A597D51CAABEBF0047815E /* Debug */,
				E1A597D61CAABEBF0047815E /* Release */,
			);
			defaultConfigurationIsVisible = 0;
			defaultConfigurationName = Release;
		};
		E1A597F21CAABEFB0047815E /* Build configuration list for PBXNativeTarget "SafeExpectations-iOS" */ = {
			isa = XCConfigurationList;
			buildConfigurations = (
				E1A597EE1CAABEFB0047815E /* Debug */,
				E1A597EF1CAABEFB0047815E /* Release */,
			);
			defaultConfigurationIsVisible = 0;
			defaultConfigurationName = Release;
		};
		E1A5980A1CAABF200047815E /* Build configuration list for PBXNativeTarget "SafeExpectations-Mac" */ = {
			isa = XCConfigurationList;
			buildConfigurations = (
				E1A5980B1CAABF200047815E /* Debug */,
				E1A5980C1CAABF200047815E /* Release */,
			);
			defaultConfigurationIsVisible = 0;
			defaultConfigurationName = Release;
		};
		E1A5980D1CAABF200047815E /* Build configuration list for PBXNativeTarget "SafeExpectationsTests" */ = {
			isa = XCConfigurationList;
			buildConfigurations = (
				E1A5980E1CAABF200047815E /* Debug */,
				E1A5980F1CAABF200047815E /* Release */,
			);
			defaultConfigurationIsVisible = 0;
			defaultConfigurationName = Release;
		};
/* End XCConfigurationList section */
	};
	rootObject = E1A597D11CAABEBF0047815E /* Project object */;
}
